// !$*UTF8*$!
{
	archiveVersion = 1;
	classes = {
	};
	objectVersion = 56;
	objects = {

/* Begin PBXBuildFile section */
		99519D462C93196A009D2487 /* ImageStyle.swift in Sources */ = {isa = PBXBuildFile; fileRef = 99519D452C93196A009D2487 /* ImageStyle.swift */; };
		99BAA1412C51352600B8FDBC /* ErrorAlert.swift in Sources */ = {isa = PBXBuildFile; fileRef = 99BAA1402C51352600B8FDBC /* ErrorAlert.swift */; };
		99BAA1432C550AFF00B8FDBC /* ExtColor.swift in Sources */ = {isa = PBXBuildFile; fileRef = 99BAA1422C550AFF00B8FDBC /* ExtColor.swift */; };
		99BAA1452C550C0500B8FDBC /* LoadingView.swift in Sources */ = {isa = PBXBuildFile; fileRef = 99BAA1442C550C0500B8FDBC /* LoadingView.swift */; };
		99BAA1472C57AB7C00B8FDBC /* ImageLoader.swift in Sources */ = {isa = PBXBuildFile; fileRef = 99BAA1462C57AB7C00B8FDBC /* ImageLoader.swift */; };
		99BAA1562C57B5EB00B8FDBC /* FoodDetailView.swift in Sources */ = {isa = PBXBuildFile; fileRef = 99BAA1552C57B5EB00B8FDBC /* FoodDetailView.swift */; };
		99BAA1592C58E98F00B8FDBC /* AddButton.swift in Sources */ = {isa = PBXBuildFile; fileRef = 99BAA1582C58E98F00B8FDBC /* AddButton.swift */; };
		99BAA15B2C58EBEA00B8FDBC /* DismissButton.swift in Sources */ = {isa = PBXBuildFile; fileRef = 99BAA15A2C58EBEA00B8FDBC /* DismissButton.swift */; };
		99BAA15D2C5901FA00B8FDBC /* AccountViewModel.swift in Sources */ = {isa = PBXBuildFile; fileRef = 99BAA15C2C5901FA00B8FDBC /* AccountViewModel.swift */; };
		99BAA15F2C59067100B8FDBC /* ExtValidForm.swift in Sources */ = {isa = PBXBuildFile; fileRef = 99BAA15E2C59067100B8FDBC /* ExtValidForm.swift */; };
		99BAA1612C59378B00B8FDBC /* UserModel.swift in Sources */ = {isa = PBXBuildFile; fileRef = 99BAA1602C59378B00B8FDBC /* UserModel.swift */; };
		99BAA1632C5BD5C800B8FDBC /* EmptyState.swift in Sources */ = {isa = PBXBuildFile; fileRef = 99BAA1622C5BD5C800B8FDBC /* EmptyState.swift */; };
		99D240A92C7746300066BCC4 /* SelectedModel.swift in Sources */ = {isa = PBXBuildFile; fileRef = 99D240A82C7746300066BCC4 /* SelectedModel.swift */; };
		99F9AC382C4A78E70041F46C /* Food_DeliveryApp.swift in Sources */ = {isa = PBXBuildFile; fileRef = 99F9AC372C4A78E70041F46C /* Food_DeliveryApp.swift */; };
		99F9AC3A2C4A78E70041F46C /* MainTabView.swift in Sources */ = {isa = PBXBuildFile; fileRef = 99F9AC392C4A78E70041F46C /* MainTabView.swift */; };
		99F9AC3C2C4A78E80041F46C /* Assets.xcassets in Resources */ = {isa = PBXBuildFile; fileRef = 99F9AC3B2C4A78E80041F46C /* Assets.xcassets */; };
		99F9AC3F2C4A78E80041F46C /* Preview Assets.xcassets in Resources */ = {isa = PBXBuildFile; fileRef = 99F9AC3E2C4A78E80041F46C /* Preview Assets.xcassets */; };
		99F9AC462C4A796F0041F46C /* HomeScreenView.swift in Sources */ = {isa = PBXBuildFile; fileRef = 99F9AC452C4A796F0041F46C /* HomeScreenView.swift */; };
		99F9AC482C4A79AB0041F46C /* AccountView.swift in Sources */ = {isa = PBXBuildFile; fileRef = 99F9AC472C4A79AB0041F46C /* AccountView.swift */; };
		99F9AC4A2C4A7A030041F46C /* SelectedView.swift in Sources */ = {isa = PBXBuildFile; fileRef = 99F9AC492C4A7A030041F46C /* SelectedView.swift */; };
		99F9AC4C2C4A8C9A0041F46C /* FoodModel.swift in Sources */ = {isa = PBXBuildFile; fileRef = 99F9AC4B2C4A8C9A0041F46C /* FoodModel.swift */; };
		99F9AC4E2C4ABD5F0041F46C /* ListView.swift in Sources */ = {isa = PBXBuildFile; fileRef = 99F9AC4D2C4ABD5F0041F46C /* ListView.swift */; };
		99F9AC502C4AC2930041F46C /* Networking.swift in Sources */ = {isa = PBXBuildFile; fileRef = 99F9AC4F2C4AC2930041F46C /* Networking.swift */; };
		99F9AC522C4AC3C10041F46C /* ErrorManager.swift in Sources */ = {isa = PBXBuildFile; fileRef = 99F9AC512C4AC3C10041F46C /* ErrorManager.swift */; };
		99F9AC542C4AD0880041F46C /* FoodViewModel.swift in Sources */ = {isa = PBXBuildFile; fileRef = 99F9AC532C4AD0880041F46C /* FoodViewModel.swift */; };
/* End PBXBuildFile section */

/* Begin PBXFileReference section */
		99519D452C93196A009D2487 /* ImageStyle.swift */ = {isa = PBXFileReference; lastKnownFileType = sourcecode.swift; path = ImageStyle.swift; sourceTree = "<group>"; };
		99BAA1402C51352600B8FDBC /* ErrorAlert.swift */ = {isa = PBXFileReference; lastKnownFileType = sourcecode.swift; path = ErrorAlert.swift; sourceTree = "<group>"; };
		99BAA1422C550AFF00B8FDBC /* ExtColor.swift */ = {isa = PBXFileReference; lastKnownFileType = sourcecode.swift; path = ExtColor.swift; sourceTree = "<group>"; };
		99BAA1442C550C0500B8FDBC /* LoadingView.swift */ = {isa = PBXFileReference; lastKnownFileType = sourcecode.swift; path = LoadingView.swift; sourceTree = "<group>"; };
		99BAA1462C57AB7C00B8FDBC /* ImageLoader.swift */ = {isa = PBXFileReference; lastKnownFileType = sourcecode.swift; path = ImageLoader.swift; sourceTree = "<group>"; };
		99BAA1552C57B5EB00B8FDBC /* FoodDetailView.swift */ = {isa = PBXFileReference; lastKnownFileType = sourcecode.swift; path = FoodDetailView.swift; sourceTree = "<group>"; };
		99BAA1582C58E98F00B8FDBC /* AddButton.swift */ = {isa = PBXFileReference; lastKnownFileType = sourcecode.swift; path = AddButton.swift; sourceTree = "<group>"; };
		99BAA15A2C58EBEA00B8FDBC /* DismissButton.swift */ = {isa = PBXFileReference; lastKnownFileType = sourcecode.swift; path = DismissButton.swift; sourceTree = "<group>"; };
		99BAA15C2C5901FA00B8FDBC /* AccountViewModel.swift */ = {isa = PBXFileReference; lastKnownFileType = sourcecode.swift; path = AccountViewModel.swift; sourceTree = "<group>"; };
		99BAA15E2C59067100B8FDBC /* ExtValidForm.swift */ = {isa = PBXFileReference; lastKnownFileType = sourcecode.swift; path = ExtValidForm.swift; sourceTree = "<group>"; };
		99BAA1602C59378B00B8FDBC /* UserModel.swift */ = {isa = PBXFileReference; lastKnownFileType = sourcecode.swift; path = UserModel.swift; sourceTree = "<group>"; };
		99BAA1622C5BD5C800B8FDBC /* EmptyState.swift */ = {isa = PBXFileReference; lastKnownFileType = sourcecode.swift; path = EmptyState.swift; sourceTree = "<group>"; };
		99D240A82C7746300066BCC4 /* SelectedModel.swift */ = {isa = PBXFileReference; lastKnownFileType = sourcecode.swift; path = SelectedModel.swift; sourceTree = "<group>"; };
		99F9AC342C4A78E70041F46C /* Food Delivery.app */ = {isa = PBXFileReference; explicitFileType = wrapper.application; includeInIndex = 0; path = "Food Delivery.app"; sourceTree = BUILT_PRODUCTS_DIR; };
		99F9AC372C4A78E70041F46C /* Food_DeliveryApp.swift */ = {isa = PBXFileReference; lastKnownFileType = sourcecode.swift; path = Food_DeliveryApp.swift; sourceTree = "<group>"; };
		99F9AC392C4A78E70041F46C /* MainTabView.swift */ = {isa = PBXFileReference; lastKnownFileType = sourcecode.swift; path = MainTabView.swift; sourceTree = "<group>"; };
		99F9AC3B2C4A78E80041F46C /* Assets.xcassets */ = {isa = PBXFileReference; lastKnownFileType = folder.assetcatalog; path = Assets.xcassets; sourceTree = "<group>"; };
		99F9AC3E2C4A78E80041F46C /* Preview Assets.xcassets */ = {isa = PBXFileReference; lastKnownFileType = folder.assetcatalog; path = "Preview Assets.xcassets"; sourceTree = "<group>"; };
		99F9AC452C4A796F0041F46C /* HomeScreenView.swift */ = {isa = PBXFileReference; lastKnownFileType = sourcecode.swift; path = HomeScreenView.swift; sourceTree = "<group>"; };
		99F9AC472C4A79AB0041F46C /* AccountView.swift */ = {isa = PBXFileReference; lastKnownFileType = sourcecode.swift; path = AccountView.swift; sourceTree = "<group>"; };
		99F9AC492C4A7A030041F46C /* SelectedView.swift */ = {isa = PBXFileReference; lastKnownFileType = sourcecode.swift; path = SelectedView.swift; sourceTree = "<group>"; };
		99F9AC4B2C4A8C9A0041F46C /* FoodModel.swift */ = {isa = PBXFileReference; lastKnownFileType = sourcecode.swift; path = FoodModel.swift; sourceTree = "<group>"; };
		99F9AC4D2C4ABD5F0041F46C /* ListView.swift */ = {isa = PBXFileReference; lastKnownFileType = sourcecode.swift; path = ListView.swift; sourceTree = "<group>"; };
		99F9AC4F2C4AC2930041F46C /* Networking.swift */ = {isa = PBXFileReference; lastKnownFileType = sourcecode.swift; path = Networking.swift; sourceTree = "<group>"; };
		99F9AC512C4AC3C10041F46C /* ErrorManager.swift */ = {isa = PBXFileReference; lastKnownFileType = sourcecode.swift; path = ErrorManager.swift; sourceTree = "<group>"; };
		99F9AC532C4AD0880041F46C /* FoodViewModel.swift */ = {isa = PBXFileReference; lastKnownFileType = sourcecode.swift; path = FoodViewModel.swift; sourceTree = "<group>"; };
/* End PBXFileReference section */

/* Begin PBXFrameworksBuildPhase section */
		99F9AC312C4A78E70041F46C /* Frameworks */ = {
			isa = PBXFrameworksBuildPhase;
			buildActionMask = 2147483647;
			files = (
			);
			runOnlyForDeploymentPostprocessing = 0;
		};
/* End PBXFrameworksBuildPhase section */

/* Begin PBXGroup section */
		99BAA1482C57B1FB00B8FDBC /* Views */ = {
			isa = PBXGroup;
			children = (
				99F9AC392C4A78E70041F46C /* MainTabView.swift */,
				99BAA1492C57B22C00B8FDBC /* HomeView */,
				99BAA14A2C57B25300B8FDBC /* AccountView */,
				99BAA14B2C57B27000B8FDBC /* SelectedView */,
			);
			path = Views;
			sourceTree = "<group>";
		};
		99BAA1492C57B22C00B8FDBC /* HomeView */ = {
			isa = PBXGroup;
			children = (
				99F9AC532C4AD0880041F46C /* FoodViewModel.swift */,
				99F9AC452C4A796F0041F46C /* HomeScreenView.swift */,
				99BAA1552C57B5EB00B8FDBC /* FoodDetailView.swift */,
			);
			path = HomeView;
			sourceTree = "<group>";
		};
		99BAA14A2C57B25300B8FDBC /* AccountView */ = {
			isa = PBXGroup;
			children = (
				99BAA15C2C5901FA00B8FDBC /* AccountViewModel.swift */,
				99F9AC472C4A79AB0041F46C /* AccountView.swift */,
			);
			path = AccountView;
			sourceTree = "<group>";
		};
		99BAA14B2C57B27000B8FDBC /* SelectedView */ = {
			isa = PBXGroup;
			children = (
				99F9AC492C4A7A030041F46C /* SelectedView.swift */,
			);
			path = SelectedView;
			sourceTree = "<group>";
		};
		99BAA14C2C57B32100B8FDBC /* Utilites */ = {
			isa = PBXGroup;
			children = (
				99BAA1502C57B3A500B8FDBC /* Alerts */,
				99BAA14E2C57B34D00B8FDBC /* Extensions */,
				99BAA14D2C57B32F00B8FDBC /* Managers */,
			);
			path = Utilites;
			sourceTree = "<group>";
		};
		99BAA14D2C57B32F00B8FDBC /* Managers */ = {
			isa = PBXGroup;
			children = (
				99F9AC4F2C4AC2930041F46C /* Networking.swift */,
			);
			path = Managers;
			sourceTree = "<group>";
		};
		99BAA14E2C57B34D00B8FDBC /* Extensions */ = {
			isa = PBXGroup;
			children = (
				99BAA1422C550AFF00B8FDBC /* ExtColor.swift */,
				99BAA15E2C59067100B8FDBC /* ExtValidForm.swift */,
			);
			path = Extensions;
			sourceTree = "<group>";
		};
		99BAA14F2C57B38700B8FDBC /* Model */ = {
			isa = PBXGroup;
			children = (
				99F9AC4B2C4A8C9A0041F46C /* FoodModel.swift */,
				99BAA1602C59378B00B8FDBC /* UserModel.swift */,
				99D240A82C7746300066BCC4 /* SelectedModel.swift */,
			);
			path = Model;
			sourceTree = "<group>";
		};
		99BAA1502C57B3A500B8FDBC /* Alerts */ = {
			isa = PBXGroup;
			children = (
				99F9AC512C4AC3C10041F46C /* ErrorManager.swift */,
				99BAA1402C51352600B8FDBC /* ErrorAlert.swift */,
			);
			path = Alerts;
			sourceTree = "<group>";
		};
		99BAA1512C57B40D00B8FDBC /* Components */ = {
			isa = PBXGroup;
			children = (
				99BAA1642C5BD5D100B8FDBC /* EmptyStates */,
				99BAA1572C58E96C00B8FDBC /* Buttons */,
				99BAA1542C57B44C00B8FDBC /* ListView */,
				99BAA1532C57B43E00B8FDBC /* Image */,
				99BAA1522C57B42500B8FDBC /* UIKit Components */,
			);
			path = Components;
			sourceTree = "<group>";
		};
		99BAA1522C57B42500B8FDBC /* UIKit Components */ = {
			isa = PBXGroup;
			children = (
				99BAA1442C550C0500B8FDBC /* LoadingView.swift */,
			);
			path = "UIKit Components";
			sourceTree = "<group>";
		};
		99BAA1532C57B43E00B8FDBC /* Image */ = {
			isa = PBXGroup;
			children = (
				99BAA1462C57AB7C00B8FDBC /* ImageLoader.swift */,
				99519D452C93196A009D2487 /* ImageStyle.swift */,
			);
			path = Image;
			sourceTree = "<group>";
		};
		99BAA1542C57B44C00B8FDBC /* ListView */ = {
			isa = PBXGroup;
			children = (
				99F9AC4D2C4ABD5F0041F46C /* ListView.swift */,
			);
			path = ListView;
			sourceTree = "<group>";
		};
		99BAA1572C58E96C00B8FDBC /* Buttons */ = {
			isa = PBXGroup;
			children = (
				99BAA1582C58E98F00B8FDBC /* AddButton.swift */,
				99BAA15A2C58EBEA00B8FDBC /* DismissButton.swift */,
			);
			path = Buttons;
			sourceTree = "<group>";
		};
		99BAA1642C5BD5D100B8FDBC /* EmptyStates */ = {
			isa = PBXGroup;
			children = (
				99BAA1622C5BD5C800B8FDBC /* EmptyState.swift */,
			);
			path = EmptyStates;
			sourceTree = "<group>";
		};
		99F9AC2B2C4A78E70041F46C = {
			isa = PBXGroup;
			children = (
				99F9AC362C4A78E70041F46C /* Food Delivery */,
				99F9AC352C4A78E70041F46C /* Products */,
			);
			sourceTree = "<group>";
		};
		99F9AC352C4A78E70041F46C /* Products */ = {
			isa = PBXGroup;
			children = (
				99F9AC342C4A78E70041F46C /* Food Delivery.app */,
			);
			name = Products;
			sourceTree = "<group>";
		};
		99F9AC362C4A78E70041F46C /* Food Delivery */ = {
			isa = PBXGroup;
			children = (
				99BAA14F2C57B38700B8FDBC /* Model */,
				99BAA14C2C57B32100B8FDBC /* Utilites */,
				99BAA1512C57B40D00B8FDBC /* Components */,
				99BAA1482C57B1FB00B8FDBC /* Views */,
				99F9AC372C4A78E70041F46C /* Food_DeliveryApp.swift */,
				99F9AC3B2C4A78E80041F46C /* Assets.xcassets */,
				99F9AC3D2C4A78E80041F46C /* Preview Content */,
			);
			path = "Food Delivery";
			sourceTree = "<group>";
		};
		99F9AC3D2C4A78E80041F46C /* Preview Content */ = {
			isa = PBXGroup;
			children = (
				99F9AC3E2C4A78E80041F46C /* Preview Assets.xcassets */,
			);
			path = "Preview Content";
			sourceTree = "<group>";
		};
/* End PBXGroup section */

/* Begin PBXNativeTarget section */
		99F9AC332C4A78E70041F46C /* Food Delivery */ = {
			isa = PBXNativeTarget;
			buildConfigurationList = 99F9AC422C4A78E80041F46C /* Build configuration list for PBXNativeTarget "Food Delivery" */;
			buildPhases = (
				99F9AC302C4A78E70041F46C /* Sources */,
				99F9AC312C4A78E70041F46C /* Frameworks */,
				99F9AC322C4A78E70041F46C /* Resources */,
			);
			buildRules = (
			);
			dependencies = (
			);
			name = "Food Delivery";
			productName = "Food Delivery";
			productReference = 99F9AC342C4A78E70041F46C /* Food Delivery.app */;
			productType = "com.apple.product-type.application";
		};
/* End PBXNativeTarget section */

/* Begin PBXProject section */
		99F9AC2C2C4A78E70041F46C /* Project object */ = {
			isa = PBXProject;
			attributes = {
				BuildIndependentTargetsInParallel = 1;
				LastSwiftUpdateCheck = 1540;
				LastUpgradeCheck = 1540;
				TargetAttributes = {
					99F9AC332C4A78E70041F46C = {
						CreatedOnToolsVersion = 15.4;
					};
				};
			};
			buildConfigurationList = 99F9AC2F2C4A78E70041F46C /* Build configuration list for PBXProject "Food Delivery" */;
			compatibilityVersion = "Xcode 14.0";
			developmentRegion = en;
			hasScannedForEncodings = 0;
			knownRegions = (
				en,
				Base,
			);
			mainGroup = 99F9AC2B2C4A78E70041F46C;
			productRefGroup = 99F9AC352C4A78E70041F46C /* Products */;
			projectDirPath = "";
			projectRoot = "";
			targets = (
				99F9AC332C4A78E70041F46C /* Food Delivery */,
			);
		};
/* End PBXProject section */

/* Begin PBXResourcesBuildPhase section */
		99F9AC322C4A78E70041F46C /* Resources */ = {
			isa = PBXResourcesBuildPhase;
			buildActionMask = 2147483647;
			files = (
				99F9AC3F2C4A78E80041F46C /* Preview Assets.xcassets in Resources */,
				99F9AC3C2C4A78E80041F46C /* Assets.xcassets in Resources */,
			);
			runOnlyForDeploymentPostprocessing = 0;
		};
/* End PBXResourcesBuildPhase section */

/* Begin PBXSourcesBuildPhase section */
		99F9AC302C4A78E70041F46C /* Sources */ = {
			isa = PBXSourcesBuildPhase;
			buildActionMask = 2147483647;
			files = (
				99519D462C93196A009D2487 /* ImageStyle.swift in Sources */,
				99BAA1472C57AB7C00B8FDBC /* ImageLoader.swift in Sources */,
				99F9AC542C4AD0880041F46C /* FoodViewModel.swift in Sources */,
				99F9AC522C4AC3C10041F46C /* ErrorManager.swift in Sources */,
				99F9AC482C4A79AB0041F46C /* AccountView.swift in Sources */,
				99BAA15D2C5901FA00B8FDBC /* AccountViewModel.swift in Sources */,
				99F9AC462C4A796F0041F46C /* HomeScreenView.swift in Sources */,
				99BAA15B2C58EBEA00B8FDBC /* DismissButton.swift in Sources */,
				99BAA1412C51352600B8FDBC /* ErrorAlert.swift in Sources */,
				99BAA1432C550AFF00B8FDBC /* ExtColor.swift in Sources */,
				99F9AC4A2C4A7A030041F46C /* SelectedView.swift in Sources */,
				99F9AC502C4AC2930041F46C /* Networking.swift in Sources */,
				99F9AC4E2C4ABD5F0041F46C /* ListView.swift in Sources */,
				99F9AC4C2C4A8C9A0041F46C /* FoodModel.swift in Sources */,
				99F9AC3A2C4A78E70041F46C /* MainTabView.swift in Sources */,
				99D240A92C7746300066BCC4 /* SelectedModel.swift in Sources */,
				99BAA1452C550C0500B8FDBC /* LoadingView.swift in Sources */,
				99BAA15F2C59067100B8FDBC /* ExtValidForm.swift in Sources */,
				99F9AC382C4A78E70041F46C /* Food_DeliveryApp.swift in Sources */,
				99BAA1562C57B5EB00B8FDBC /* FoodDetailView.swift in Sources */,
				99BAA1612C59378B00B8FDBC /* UserModel.swift in Sources */,
				99BAA1592C58E98F00B8FDBC /* AddButton.swift in Sources */,
				99BAA1632C5BD5C800B8FDBC /* EmptyState.swift in Sources */,
			);
			runOnlyForDeploymentPostprocessing = 0;
		};
/* End PBXSourcesBuildPhase section */

/* Begin XCBuildConfiguration section */
		99F9AC402C4A78E80041F46C /* Debug */ = {
			isa = XCBuildConfiguration;
			buildSettings = {
				ALWAYS_SEARCH_USER_PATHS = NO;
				ASSETCATALOG_COMPILER_GENERATE_SWIFT_ASSET_SYMBOL_EXTENSIONS = YES;
				CLANG_ANALYZER_NONNULL = YES;
				CLANG_ANALYZER_NUMBER_OBJECT_CONVERSION = YES_AGGRESSIVE;
				CLANG_CXX_LANGUAGE_STANDARD = "gnu++20";
				CLANG_ENABLE_MODULES = YES;
				CLANG_ENABLE_OBJC_ARC = YES;
				CLANG_ENABLE_OBJC_WEAK = YES;
				CLANG_WARN_BLOCK_CAPTURE_AUTORELEASING = YES;
				CLANG_WARN_BOOL_CONVERSION = YES;
				CLANG_WARN_COMMA = YES;
				CLANG_WARN_CONSTANT_CONVERSION = YES;
				CLANG_WARN_DEPRECATED_OBJC_IMPLEMENTATIONS = YES;
				CLANG_WARN_DIRECT_OBJC_ISA_USAGE = YES_ERROR;
				CLANG_WARN_DOCUMENTATION_COMMENTS = YES;
				CLANG_WARN_EMPTY_BODY = YES;
				CLANG_WARN_ENUM_CONVERSION = YES;
				CLANG_WARN_INFINITE_RECURSION = YES;
				CLANG_WARN_INT_CONVERSION = YES;
				CLANG_WARN_NON_LITERAL_NULL_CONVERSION = YES;
				CLANG_WARN_OBJC_IMPLICIT_RETAIN_SELF = YES;
				CLANG_WARN_OBJC_LITERAL_CONVERSION = YES;
				CLANG_WARN_OBJC_ROOT_CLASS = YES_ERROR;
				CLANG_WARN_QUOTED_INCLUDE_IN_FRAMEWORK_HEADER = YES;
				CLANG_WARN_RANGE_LOOP_ANALYSIS = YES;
				CLANG_WARN_STRICT_PROTOTYPES = YES;
				CLANG_WARN_SUSPICIOUS_MOVE = YES;
				CLANG_WARN_UNGUARDED_AVAILABILITY = YES_AGGRESSIVE;
				CLANG_WARN_UNREACHABLE_CODE = YES;
				CLANG_WARN__DUPLICATE_METHOD_MATCH = YES;
				COPY_PHASE_STRIP = NO;
				DEBUG_INFORMATION_FORMAT = dwarf;
				ENABLE_STRICT_OBJC_MSGSEND = YES;
				ENABLE_TESTABILITY = YES;
				ENABLE_USER_SCRIPT_SANDBOXING = YES;
				GCC_C_LANGUAGE_STANDARD = gnu17;
				GCC_DYNAMIC_NO_PIC = NO;
				GCC_NO_COMMON_BLOCKS = YES;
				GCC_OPTIMIZATION_LEVEL = 0;
				GCC_PREPROCESSOR_DEFINITIONS = (
					"DEBUG=1",
					"$(inherited)",
				);
				GCC_WARN_64_TO_32_BIT_CONVERSION = YES;
				GCC_WARN_ABOUT_RETURN_TYPE = YES_ERROR;
				GCC_WARN_UNDECLARED_SELECTOR = YES;
				GCC_WARN_UNINITIALIZED_AUTOS = YES_AGGRESSIVE;
				GCC_WARN_UNUSED_FUNCTION = YES;
				GCC_WARN_UNUSED_VARIABLE = YES;
				IPHONEOS_DEPLOYMENT_TARGET = 17.5;
				LOCALIZATION_PREFERS_STRING_CATALOGS = YES;
				MTL_ENABLE_DEBUG_INFO = INCLUDE_SOURCE;
				MTL_FAST_MATH = YES;
				ONLY_ACTIVE_ARCH = YES;
				SDKROOT = iphoneos;
				SWIFT_ACTIVE_COMPILATION_CONDITIONS = "DEBUG $(inherited)";
				SWIFT_OPTIMIZATION_LEVEL = "-Onone";
			};
			name = Debug;
		};
		99F9AC412C4A78E80041F46C /* Release */ = {
			isa = XCBuildConfiguration;
			buildSettings = {
				ALWAYS_SEARCH_USER_PATHS = NO;
				ASSETCATALOG_COMPILER_GENERATE_SWIFT_ASSET_SYMBOL_EXTENSIONS = YES;
				CLANG_ANALYZER_NONNULL = YES;
				CLANG_ANALYZER_NUMBER_OBJECT_CONVERSION = YES_AGGRESSIVE;
				CLANG_CXX_LANGUAGE_STANDARD = "gnu++20";
				CLANG_ENABLE_MODULES = YES;
				CLANG_ENABLE_OBJC_ARC = YES;
				CLANG_ENABLE_OBJC_WEAK = YES;
				CLANG_WARN_BLOCK_CAPTURE_AUTORELEASING = YES;
				CLANG_WARN_BOOL_CONVERSION = YES;
				CLANG_WARN_COMMA = YES;
				CLANG_WARN_CONSTANT_CONVERSION = YES;
				CLANG_WARN_DEPRECATED_OBJC_IMPLEMENTATIONS = YES;
				CLANG_WARN_DIRECT_OBJC_ISA_USAGE = YES_ERROR;
				CLANG_WARN_DOCUMENTATION_COMMENTS = YES;
				CLANG_WARN_EMPTY_BODY = YES;
				CLANG_WARN_ENUM_CONVERSION = YES;
				CLANG_WARN_INFINITE_RECURSION = YES;
				CLANG_WARN_INT_CONVERSION = YES;
				CLANG_WARN_NON_LITERAL_NULL_CONVERSION = YES;
				CLANG_WARN_OBJC_IMPLICIT_RETAIN_SELF = YES;
				CLANG_WARN_OBJC_LITERAL_CONVERSION = YES;
				CLANG_WARN_OBJC_ROOT_CLASS = YES_ERROR;
				CLANG_WARN_QUOTED_INCLUDE_IN_FRAMEWORK_HEADER = YES;
				CLANG_WARN_RANGE_LOOP_ANALYSIS = YES;
				CLANG_WARN_STRICT_PROTOTYPES = YES;
				CLANG_WARN_SUSPICIOUS_MOVE = YES;
				CLANG_WARN_UNGUARDED_AVAILABILITY = YES_AGGRESSIVE;
				CLANG_WARN_UNREACHABLE_CODE = YES;
				CLANG_WARN__DUPLICATE_METHOD_MATCH = YES;
				COPY_PHASE_STRIP = NO;
				DEBUG_INFORMATION_FORMAT = "dwarf-with-dsym";
				ENABLE_NS_ASSERTIONS = NO;
				ENABLE_STRICT_OBJC_MSGSEND = YES;
				ENABLE_USER_SCRIPT_SANDBOXING = YES;
				GCC_C_LANGUAGE_STANDARD = gnu17;
				GCC_NO_COMMON_BLOCKS = YES;
				GCC_WARN_64_TO_32_BIT_CONVERSION = YES;
				GCC_WARN_ABOUT_RETURN_TYPE = YES_ERROR;
				GCC_WARN_UNDECLARED_SELECTOR = YES;
				GCC_WARN_UNINITIALIZED_AUTOS = YES_AGGRESSIVE;
				GCC_WARN_UNUSED_FUNCTION = YES;
				GCC_WARN_UNUSED_VARIABLE = YES;
				IPHONEOS_DEPLOYMENT_TARGET = 17.5;
				LOCALIZATION_PREFERS_STRING_CATALOGS = YES;
				MTL_ENABLE_DEBUG_INFO = NO;
				MTL_FAST_MATH = YES;
				SDKROOT = iphoneos;
				SWIFT_COMPILATION_MODE = wholemodule;
				VALIDATE_PRODUCT = YES;
			};
			name = Release;
		};
		99F9AC432C4A78E80041F46C /* Debug */ = {
			isa = XCBuildConfiguration;
			buildSettings = {
				ASSETCATALOG_COMPILER_APPICON_NAME = AppIcon;
				ASSETCATALOG_COMPILER_GLOBAL_ACCENT_COLOR_NAME = AccentColor;
				CODE_SIGN_STYLE = Automatic;
				CURRENT_PROJECT_VERSION = 1;
				DEVELOPMENT_ASSET_PATHS = "\"Food Delivery/Preview Content\"";
				DEVELOPMENT_TEAM = B88JUJ97Y7;
				ENABLE_PREVIEWS = YES;
				GENERATE_INFOPLIST_FILE = YES;
				INFOPLIST_KEY_UIApplicationSceneManifest_Generation = YES;
				INFOPLIST_KEY_UIApplicationSupportsIndirectInputEvents = YES;
				INFOPLIST_KEY_UILaunchScreen_Generation = YES;
				INFOPLIST_KEY_UISupportedInterfaceOrientations_iPad = "UIInterfaceOrientationPortrait UIInterfaceOrientationPortraitUpsideDown UIInterfaceOrientationLandscapeLeft UIInterfaceOrientationLandscapeRight";
				INFOPLIST_KEY_UISupportedInterfaceOrientations_iPhone = "UIInterfaceOrientationPortrait UIInterfaceOrientationLandscapeLeft UIInterfaceOrientationLandscapeRight";
				LD_RUNPATH_SEARCH_PATHS = (
					"$(inherited)",
					"@executable_path/Frameworks",
				);
				MARKETING_VERSION = 1.0;
				PRODUCT_BUNDLE_IDENTIFIER = "com.kurog1rik1ngdom.Food-Delivery";
				PRODUCT_NAME = "$(TARGET_NAME)";
				SWIFT_EMIT_LOC_STRINGS = YES;
				SWIFT_VERSION = 5.0;
				TARGETED_DEVICE_FAMILY = "1,2";
			};
			name = Debug;
		};
		99F9AC442C4A78E80041F46C /* Release */ = {
			isa = XCBuildConfiguration;
			buildSettings = {
				ASSETCATALOG_COMPILER_APPICON_NAME = AppIcon;
				ASSETCATALOG_COMPILER_GLOBAL_ACCENT_COLOR_NAME = AccentColor;
				CODE_SIGN_STYLE = Automatic;
				CURRENT_PROJECT_VERSION = 1;
				DEVELOPMENT_ASSET_PATHS = "\"Food Delivery/Preview Content\"";
				DEVELOPMENT_TEAM = B88JUJ97Y7;
				ENABLE_PREVIEWS = YES;
				GENERATE_INFOPLIST_FILE = YES;
				INFOPLIST_KEY_UIApplicationSceneManifest_Generation = YES;
				INFOPLIST_KEY_UIApplicationSupportsIndirectInputEvents = YES;
				INFOPLIST_KEY_UILaunchScreen_Generation = YES;
				INFOPLIST_KEY_UISupportedInterfaceOrientations_iPad = "UIInterfaceOrientationPortrait UIInterfaceOrientationPortraitUpsideDown UIInterfaceOrientationLandscapeLeft UIInterfaceOrientationLandscapeRight";
				INFOPLIST_KEY_UISupportedInterfaceOrientations_iPhone = "UIInterfaceOrientationPortrait UIInterfaceOrientationLandscapeLeft UIInterfaceOrientationLandscapeRight";
				LD_RUNPATH_SEARCH_PATHS = (
					"$(inherited)",
					"@executable_path/Frameworks",
				);
				MARKETING_VERSION = 1.0;
				PRODUCT_BUNDLE_IDENTIFIER = "com.kurog1rik1ngdom.Food-Delivery";
				PRODUCT_NAME = "$(TARGET_NAME)";
				SWIFT_EMIT_LOC_STRINGS = YES;
				SWIFT_VERSION = 5.0;
				TARGETED_DEVICE_FAMILY = "1,2";
			};
			name = Release;
		};
/* End XCBuildConfiguration section */

/* Begin XCConfigurationList section */
		99F9AC2F2C4A78E70041F46C /* Build configuration list for PBXProject "Food Delivery" */ = {
			isa = XCConfigurationList;
			buildConfigurations = (
				99F9AC402C4A78E80041F46C /* Debug */,
				99F9AC412C4A78E80041F46C /* Release */,
			);
			defaultConfigurationIsVisible = 0;
			defaultConfigurationName = Release;
		};
		99F9AC422C4A78E80041F46C /* Build configuration list for PBXNativeTarget "Food Delivery" */ = {
			isa = XCConfigurationList;
			buildConfigurations = (
				99F9AC432C4A78E80041F46C /* Debug */,
				99F9AC442C4A78E80041F46C /* Release */,
			);
			defaultConfigurationIsVisible = 0;
			defaultConfigurationName = Release;
		};
/* End XCConfigurationList section */
	};
	rootObject = 99F9AC2C2C4A78E70041F46C /* Project object */;
}
